
Microsoft Visual Studio Solution File, Format Version 12.00
# Visual Studio 15
VisualStudioVersion = 15.0.28307.421
MinimumVisualStudioVersion = 10.0.40219.1
Project("{8BC9CEB8-8B4A-11D0-8D11-00A0C91BC942}") = "ТП2", "ТП2\ТП2.vcxproj", "{CF3D06A8-5351-4664-9FC3-B65B9761A2E2}"
EndProject
Global
	GlobalSection(SolutionConfigurationPlatforms) = preSolution
		Debug|x64 = Debug|x64
		Debug|x86 = Debug|x86
		Release|x64 = Release|x64
		Release|x86 = Release|x86
	EndGlobalSection
	GlobalSection(ProjectConfigurationPlatforms) = postSolution
		{CF3D06A8-5351-4664-9FC3-B65B9761A2E2}.Debug|x64.ActiveCfg = Debug|x64
		{CF3D06A8-5351-4664-9FC3-B65B9761A2E2}.Debug|x64.Build.0 = Debug|x64
		{CF3D06A8-5351-4664-9FC3-B65B9761A2E2}.Debug|x86.ActiveCfg = Debug|Win32
		{CF3D06A8-5351-4664-9FC3-B65B9761A2E2}.Debug|x86.Build.0 = Debug|Win32
		{CF3D06A8-5351-4664-9FC3-B65B9761A2E2}.Release|x64.ActiveCfg = Release|x64
		{CF3D06A8-5351-4664-9FC3-B65B9761A2E2}.Release|x64.Build.0 = Release|x64
		{CF3D06A8-5351-4664-9FC3-B65B9761A2E2}.Release|x86.ActiveCfg = Release|Win32
		{CF3D06A8-5351-4664-9FC3-B65B9761A2E2}.Release|x86.Build.0 = Release|Win32
	EndGlobalSection
	GlobalSection(SolutionProperties) = preSolution
		HideSolutionNode = FALSE
	EndGlobalSection
	GlobalSection(ExtensibilityGlobals) = postSolution
		SolutionGuid = {74C1DB30-B145-427B-B1CC-902620138F78}
	EndGlobalSection
EndGlobal
